{
  "requires": true,
  "lockfileVersion": 1,
  "dependencies": {
    "dayjs": {
      "version": "1.10.5",
      "resolved": "https://registry.nlark.com/dayjs/download/dayjs-1.10.5.tgz?cache=0&sync_timestamp=1622012194079&other_urls=https%3A%2F%2Fregistry.nlark.com%2Fdayjs%2Fdownload%2Fdayjs-1.10.5.tgz",
      "integrity": "sha1-VgDfRUj8JFOz8WPrsqu+llzPuYY="
    }
  }
}
